
Microsoft Visual Studio Solution File, Format Version 12.00
# Visual Studio Version 16
VisualStudioVersion = 16.0.29519.181
MinimumVisualStudioVersion = 10.0.40219.1
Project("{2150E333-8FDC-42A3-9474-1A3956D46DE8}") = "Config", "Config", "{6BDAE5C1-D308-42EF-8B1C-60964D58A384}"
ProjectSection(SolutionItems) = preProject
	CodeAnalysis.ruleset = CodeAnalysis.ruleset
	global.json = global.json
	..\CHANGELOG.md = ..\CHANGELOG.md
	..\README.md = ..\README.md
	..\Dockerfile = ..\Dockerfile
	publish = publish
EndProjectSection
EndProject
Project("{FAE04EC0-301F-11D3-BF4B-00C04F79EFBC}") = "Credfeto.Cache.Proxy.Server", "Credfeto.Cache.Proxy.Server\Credfeto.Cache.Proxy.Server.csproj", "{55F91218-E55E-405E-BD02-8E01EA64C5B3}"
EndProject
Project("{FAE04EC0-301F-11D3-BF4B-00C04F79EFBC}") = "Credfeto.Cache.Proxy.Storage.Interfaces", "Credfeto.Cache.Proxy.Storage.Interfaces\Credfeto.Cache.Proxy.Storage.Interfaces.csproj", "{A0765407-2C33-48AD-B588-1591ABDB6104}"
EndProject
Project("{FAE04EC0-301F-11D3-BF4B-00C04F79EFBC}") = "Credfeto.Cache.Proxy.Storage.FileSystem", "Credfeto.Cache.Proxy.Storage.FileSystem\Credfeto.Cache.Proxy.Storage.FileSystem.csproj", "{2DD081FE-773F-4A00-BE5B-B4A2D5948FFD}"
EndProject
Project("{FAE04EC0-301F-11D3-BF4B-00C04F79EFBC}") = "Credfeto.Cache.Proxy.Models", "Credfeto.Cache.Proxy.Models\Credfeto.Cache.Proxy.Models.csproj", "{78644DF9-8B94-44CE-9878-60773D1F03E3}"
EndProject
Project("{FAE04EC0-301F-11D3-BF4B-00C04F79EFBC}") = "Credfeto.Cache.Proxy.Storage.FileSystem.Tests", "Credfeto.Cache.Proxy.Storage.FileSystem.Tests\Credfeto.Cache.Proxy.Storage.FileSystem.Tests.csproj", "{578EDAAA-61C7-47AE-8B06-5E184BE74802}"
EndProject
Global
	GlobalSection(ProjectConfigurationPlatforms) = postSolution
		{55F91218-E55E-405E-BD02-8E01EA64C5B3}.Debug|Any CPU.ActiveCfg = Debug|Any CPU
		{55F91218-E55E-405E-BD02-8E01EA64C5B3}.Debug|Any CPU.Build.0 = Debug|Any CPU
		{55F91218-E55E-405E-BD02-8E01EA64C5B3}.Release|Any CPU.ActiveCfg = Release|Any CPU
		{55F91218-E55E-405E-BD02-8E01EA64C5B3}.Release|Any CPU.Build.0 = Release|Any CPU
		{A0765407-2C33-48AD-B588-1591ABDB6104}.Debug|Any CPU.ActiveCfg = Debug|Any CPU
		{A0765407-2C33-48AD-B588-1591ABDB6104}.Debug|Any CPU.Build.0 = Debug|Any CPU
		{A0765407-2C33-48AD-B588-1591ABDB6104}.Release|Any CPU.ActiveCfg = Release|Any CPU
		{A0765407-2C33-48AD-B588-1591ABDB6104}.Release|Any CPU.Build.0 = Release|Any CPU
		{2DD081FE-773F-4A00-BE5B-B4A2D5948FFD}.Debug|Any CPU.ActiveCfg = Debug|Any CPU
		{2DD081FE-773F-4A00-BE5B-B4A2D5948FFD}.Debug|Any CPU.Build.0 = Debug|Any CPU
		{2DD081FE-773F-4A00-BE5B-B4A2D5948FFD}.Release|Any CPU.ActiveCfg = Release|Any CPU
		{2DD081FE-773F-4A00-BE5B-B4A2D5948FFD}.Release|Any CPU.Build.0 = Release|Any CPU
		{78644DF9-8B94-44CE-9878-60773D1F03E3}.Debug|Any CPU.ActiveCfg = Debug|Any CPU
		{78644DF9-8B94-44CE-9878-60773D1F03E3}.Debug|Any CPU.Build.0 = Debug|Any CPU
		{78644DF9-8B94-44CE-9878-60773D1F03E3}.Release|Any CPU.ActiveCfg = Release|Any CPU
		{78644DF9-8B94-44CE-9878-60773D1F03E3}.Release|Any CPU.Build.0 = Release|Any CPU
		{578EDAAA-61C7-47AE-8B06-5E184BE74802}.Debug|Any CPU.ActiveCfg = Debug|Any CPU
		{578EDAAA-61C7-47AE-8B06-5E184BE74802}.Debug|Any CPU.Build.0 = Debug|Any CPU
		{578EDAAA-61C7-47AE-8B06-5E184BE74802}.Release|Any CPU.ActiveCfg = Release|Any CPU
		{578EDAAA-61C7-47AE-8B06-5E184BE74802}.Release|Any CPU.Build.0 = Release|Any CPU
	EndGlobalSection
	GlobalSection(SolutionConfigurationPlatforms) = preSolution
		Debug|Any CPU = Debug|Any CPU
		Release|Any CPU = Release|Any CPU
	EndGlobalSection
EndGlobal
